# This file is @generated by PDM.
# It is not intended for manual editing.

[metadata]
groups = ["default"]
strategy = ["cross_platform"]
lock_version = "4.4"
content_hash = "sha256:4f25fc5d5944b64beacec342f7ce1e3b7cc0822e2eda8a30bd989a8908a8791a"

[[package]]
name = "networkx"
version = "3.2.1"
requires_python = ">=3.9"
summary = "Python package for creating and manipulating graphs and networks"
files = [
    {file = "networkx-3.2.1-py3-none-any.whl", hash = "sha256:f18c69adc97877c42332c170849c96cefa91881c99a7cb3e95b7c659ebdc1ec2"},
    {file = "networkx-3.2.1.tar.gz", hash = "sha256:9f1bb5cf3409bf324e0a722c20bdb4c20ee39bf1c30ce8ae499c8502b0b5e0c6"},
]
